
Microsoft Visual Studio Solution File, Format Version 12.00
# Visual Studio Version 16
VisualStudioVersion = 16.0.30128.74
MinimumVisualStudioVersion = 10.0.40219.1
Project("{9A19103F-16F7-4668-BE54-9A1E7A4F7556}") = "Kopyw", "Kopyw\Kopyw.csproj", "{DE88A467-C3B5-4D69-9E1C-46E33AC3AF15}"
EndProject
Project("{9A19103F-16F7-4668-BE54-9A1E7A4F7556}") = "Kopyw.ImageProcessing", "ImageProcessor\Kopyw.ImageProcessing.csproj", "{CF606B25-EF64-4F50-A1DC-623D00BDB88D}"
EndProject
Project("{FAE04EC0-301F-11D3-BF4B-00C04F79EFBC}") = "Kopyw.Core", "Kopyw.Core\Kopyw.Core.csproj", "{F902B018-6F62-4166-BBA8-61F2065F81E1}"
EndProject
Project("{FAE04EC0-301F-11D3-BF4B-00C04F79EFBC}") = "Kopyw.Infrastructure", "Kopyw.Infrastructure\Kopyw.Infrastructure.csproj", "{F8CFCD5B-B53C-40F5-9D65-4B2BA0779199}"
EndProject
Global
	GlobalSection(SolutionConfigurationPlatforms) = preSolution
		Debug|Any CPU = Debug|Any CPU
		Release|Any CPU = Release|Any CPU
	EndGlobalSection
	GlobalSection(ProjectConfigurationPlatforms) = postSolution
		{DE88A467-C3B5-4D69-9E1C-46E33AC3AF15}.Debug|Any CPU.ActiveCfg = Debug|Any CPU
		{DE88A467-C3B5-4D69-9E1C-46E33AC3AF15}.Debug|Any CPU.Build.0 = Debug|Any CPU
		{DE88A467-C3B5-4D69-9E1C-46E33AC3AF15}.Release|Any CPU.ActiveCfg = Release|Any CPU
		{DE88A467-C3B5-4D69-9E1C-46E33AC3AF15}.Release|Any CPU.Build.0 = Release|Any CPU
		{CF606B25-EF64-4F50-A1DC-623D00BDB88D}.Debug|Any CPU.ActiveCfg = Debug|Any CPU
		{CF606B25-EF64-4F50-A1DC-623D00BDB88D}.Debug|Any CPU.Build.0 = Debug|Any CPU
		{CF606B25-EF64-4F50-A1DC-623D00BDB88D}.Release|Any CPU.ActiveCfg = Release|Any CPU
		{CF606B25-EF64-4F50-A1DC-623D00BDB88D}.Release|Any CPU.Build.0 = Release|Any CPU
		{F902B018-6F62-4166-BBA8-61F2065F81E1}.Debug|Any CPU.ActiveCfg = Debug|Any CPU
		{F902B018-6F62-4166-BBA8-61F2065F81E1}.Debug|Any CPU.Build.0 = Debug|Any CPU
		{F902B018-6F62-4166-BBA8-61F2065F81E1}.Release|Any CPU.ActiveCfg = Release|Any CPU
		{F902B018-6F62-4166-BBA8-61F2065F81E1}.Release|Any CPU.Build.0 = Release|Any CPU
		{F8CFCD5B-B53C-40F5-9D65-4B2BA0779199}.Debug|Any CPU.ActiveCfg = Debug|Any CPU
		{F8CFCD5B-B53C-40F5-9D65-4B2BA0779199}.Debug|Any CPU.Build.0 = Debug|Any CPU
		{F8CFCD5B-B53C-40F5-9D65-4B2BA0779199}.Release|Any CPU.ActiveCfg = Release|Any CPU
		{F8CFCD5B-B53C-40F5-9D65-4B2BA0779199}.Release|Any CPU.Build.0 = Release|Any CPU
	EndGlobalSection
	GlobalSection(SolutionProperties) = preSolution
		HideSolutionNode = FALSE
	EndGlobalSection
	GlobalSection(ExtensibilityGlobals) = postSolution
		SolutionGuid = {C496315A-B873-41CA-B154-99E3CCD068CD}
	EndGlobalSection
EndGlobal
